
Microsoft Visual Studio Solution File, Format Version 12.00
# Visual Studio Version 16
VisualStudioVersion = 16.0.30523.141
MinimumVisualStudioVersion = 10.0.40219.1
Project("{FAE04EC0-301F-11D3-BF4B-00C04F79EFBC}") = "S3Lab", "S3Lab\S3Lab.csproj", "{05371C14-5E0C-43FB-AD48-A265F4FBF740}"
EndProject
Global
	GlobalSection(SolutionConfigurationPlatforms) = preSolution
		Debug|Any CPU = Debug|Any CPU
		Release|Any CPU = Release|Any CPU
	EndGlobalSection
	GlobalSection(ProjectConfigurationPlatforms) = postSolution
		{05371C14-5E0C-43FB-AD48-A265F4FBF740}.Debug|Any CPU.ActiveCfg = Debug|Any CPU
		{05371C14-5E0C-43FB-AD48-A265F4FBF740}.Debug|Any CPU.Build.0 = Debug|Any CPU
		{05371C14-5E0C-43FB-AD48-A265F4FBF740}.Release|Any CPU.ActiveCfg = Release|Any CPU
		{05371C14-5E0C-43FB-AD48-A265F4FBF740}.Release|Any CPU.Build.0 = Release|Any CPU
	EndGlobalSection
	GlobalSection(SolutionProperties) = preSolution
		HideSolutionNode = FALSE
	EndGlobalSection
	GlobalSection(ExtensibilityGlobals) = postSolution
		SolutionGuid = {21D92476-9EC5-4776-9B1E-A55018235D6E}
	EndGlobalSection
EndGlobal
